
Microsoft Visual Studio Solution File, Format Version 12.00
# Visual Studio Version 17
VisualStudioVersion = 17.3.32825.248
MinimumVisualStudioVersion = 10.0.40219.1
Project("{8BC9CEB8-8B4A-11D0-8D11-00A0C91BC942}") = "Tugas_3_OPEN_GL", "Tugas_3_OPEN_GL\Tugas_3_OPEN_GL.vcxproj", "{238F213C-959B-4C0E-9001-D65C52432F2F}"
EndProject
Global
	GlobalSection(SolutionConfigurationPlatforms) = preSolution
		Debug|x64 = Debug|x64
		Debug|x86 = Debug|x86
		Release|x64 = Release|x64
		Release|x86 = Release|x86
	EndGlobalSection
	GlobalSection(ProjectConfigurationPlatforms) = postSolution
		{238F213C-959B-4C0E-9001-D65C52432F2F}.Debug|x64.ActiveCfg = Debug|x64
		{238F213C-959B-4C0E-9001-D65C52432F2F}.Debug|x64.Build.0 = Debug|x64
		{238F213C-959B-4C0E-9001-D65C52432F2F}.Debug|x86.ActiveCfg = Debug|Win32
		{238F213C-959B-4C0E-9001-D65C52432F2F}.Debug|x86.Build.0 = Debug|Win32
		{238F213C-959B-4C0E-9001-D65C52432F2F}.Release|x64.ActiveCfg = Release|x64
		{238F213C-959B-4C0E-9001-D65C52432F2F}.Release|x64.Build.0 = Release|x64
		{238F213C-959B-4C0E-9001-D65C52432F2F}.Release|x86.ActiveCfg = Release|Win32
		{238F213C-959B-4C0E-9001-D65C52432F2F}.Release|x86.Build.0 = Release|Win32
	EndGlobalSection
	GlobalSection(SolutionProperties) = preSolution
		HideSolutionNode = FALSE
	EndGlobalSection
	GlobalSection(ExtensibilityGlobals) = postSolution
		SolutionGuid = {DB84C9E3-75CB-410A-B5E4-A97B0BA5C855}
	EndGlobalSection
EndGlobal
